
Microsoft Visual Studio Solution File, Format Version 12.00
# Visual Studio 15
VisualStudioVersion = 15.0.27130.2026
MinimumVisualStudioVersion = 10.0.40219.1
Project("{FAE04EC0-301F-11D3-BF4B-00C04F79EFBC}") = "MusicStore", "MusicStore\MusicStore.csproj", "{F53BB38D-891E-4A04-8137-BB78BBC53A06}"
EndProject
Project("{FAE04EC0-301F-11D3-BF4B-00C04F79EFBC}") = "MusicStore.Tests", "MusicStore.Tests\MusicStore.Tests.csproj", "{C8512E53-730E-4ADB-B32A-0E4EDECA1F5E}"
EndProject
Global
	GlobalSection(SolutionConfigurationPlatforms) = preSolution
		Debug|Any CPU = Debug|Any CPU
		Release|Any CPU = Release|Any CPU
	EndGlobalSection
	GlobalSection(ProjectConfigurationPlatforms) = postSolution
		{F53BB38D-891E-4A04-8137-BB78BBC53A06}.Debug|Any CPU.ActiveCfg = Debug|Any CPU
		{F53BB38D-891E-4A04-8137-BB78BBC53A06}.Debug|Any CPU.Build.0 = Debug|Any CPU
		{F53BB38D-891E-4A04-8137-BB78BBC53A06}.Release|Any CPU.ActiveCfg = Release|Any CPU
		{F53BB38D-891E-4A04-8137-BB78BBC53A06}.Release|Any CPU.Build.0 = Release|Any CPU
		{C8512E53-730E-4ADB-B32A-0E4EDECA1F5E}.Debug|Any CPU.ActiveCfg = Debug|Any CPU
		{C8512E53-730E-4ADB-B32A-0E4EDECA1F5E}.Debug|Any CPU.Build.0 = Debug|Any CPU
		{C8512E53-730E-4ADB-B32A-0E4EDECA1F5E}.Release|Any CPU.ActiveCfg = Release|Any CPU
		{C8512E53-730E-4ADB-B32A-0E4EDECA1F5E}.Release|Any CPU.Build.0 = Release|Any CPU
	EndGlobalSection
	GlobalSection(SolutionProperties) = preSolution
		HideSolutionNode = FALSE
	EndGlobalSection
	GlobalSection(ExtensibilityGlobals) = postSolution
		SolutionGuid = {97903A06-396B-46C7-8324-E3ECC993B0CC}
	EndGlobalSection
EndGlobal
